
Microsoft Visual Studio Solution File, Format Version 12.00
# Visual Studio Version 17
VisualStudioVersion = 17.14.36511.14 d17.14
MinimumVisualStudioVersion = 10.0.40219.1
Project("{FAE04EC0-301F-11D3-BF4B-00C04F79EFBC}") = "Library01", "Library01\Library01.csproj", "{7E82FA4C-DBC7-4A83-8320-AAC09F3A6583}"
EndProject
Global
	GlobalSection(SolutionConfigurationPlatforms) = preSolution
		Debug|Any CPU = Debug|Any CPU
		Release|Any CPU = Release|Any CPU
	EndGlobalSection
	GlobalSection(ProjectConfigurationPlatforms) = postSolution
		{7E82FA4C-DBC7-4A83-8320-AAC09F3A6583}.Debug|Any CPU.ActiveCfg = Debug|Any CPU
		{7E82FA4C-DBC7-4A83-8320-AAC09F3A6583}.Debug|Any CPU.Build.0 = Debug|Any CPU
		{7E82FA4C-DBC7-4A83-8320-AAC09F3A6583}.Release|Any CPU.ActiveCfg = Release|Any CPU
		{7E82FA4C-DBC7-4A83-8320-AAC09F3A6583}.Release|Any CPU.Build.0 = Release|Any CPU
	EndGlobalSection
	GlobalSection(SolutionProperties) = preSolution
		HideSolutionNode = FALSE
	EndGlobalSection
	GlobalSection(ExtensibilityGlobals) = postSolution
		SolutionGuid = {B9B01CC4-525D-475D-A07C-B186E104AC88}
	EndGlobalSection
EndGlobal
